
Microsoft Visual Studio Solution File, Format Version 12.00
# Visual Studio Version 16
VisualStudioVersion = 16.0.30225.117
MinimumVisualStudioVersion = 10.0.40219.1
Project("{FAE04EC0-301F-11D3-BF4B-00C04F79EFBC}") = "Interface", "Interface\Interface.csproj", "{5A0741CC-4287-4CC1-B9C1-6D1EE9A4A916}"
EndProject
Global
	GlobalSection(SolutionConfigurationPlatforms) = preSolution
		Debug|Any CPU = Debug|Any CPU
		Release|Any CPU = Release|Any CPU
	EndGlobalSection
	GlobalSection(ProjectConfigurationPlatforms) = postSolution
		{5A0741CC-4287-4CC1-B9C1-6D1EE9A4A916}.Debug|Any CPU.ActiveCfg = Debug|Any CPU
		{5A0741CC-4287-4CC1-B9C1-6D1EE9A4A916}.Debug|Any CPU.Build.0 = Debug|Any CPU
		{5A0741CC-4287-4CC1-B9C1-6D1EE9A4A916}.Release|Any CPU.ActiveCfg = Release|Any CPU
		{5A0741CC-4287-4CC1-B9C1-6D1EE9A4A916}.Release|Any CPU.Build.0 = Release|Any CPU
	EndGlobalSection
	GlobalSection(SolutionProperties) = preSolution
		HideSolutionNode = FALSE
	EndGlobalSection
	GlobalSection(ExtensibilityGlobals) = postSolution
		SolutionGuid = {CEB5C106-FB97-4524-99B2-428EE34D61A1}
	EndGlobalSection
EndGlobal
