
Microsoft Visual Studio Solution File, Format Version 12.00
# Visual Studio Version 16
VisualStudioVersion = 16.0.30225.117
MinimumVisualStudioVersion = 10.0.40219.1
Project("{FAE04EC0-301F-11D3-BF4B-00C04F79EFBC}") = "SalesManagement.Api", "SalesManagement.Api\SalesManagement.Api.csproj", "{5BCE3D31-D2A2-4069-89B8-59B8D83F364D}"
EndProject
Global
	GlobalSection(SolutionConfigurationPlatforms) = preSolution
		Debug|Any CPU = Debug|Any CPU
		Release|Any CPU = Release|Any CPU
	EndGlobalSection
	GlobalSection(ProjectConfigurationPlatforms) = postSolution
		{5BCE3D31-D2A2-4069-89B8-59B8D83F364D}.Debug|Any CPU.ActiveCfg = Debug|Any CPU
		{5BCE3D31-D2A2-4069-89B8-59B8D83F364D}.Debug|Any CPU.Build.0 = Debug|Any CPU
		{5BCE3D31-D2A2-4069-89B8-59B8D83F364D}.Release|Any CPU.ActiveCfg = Release|Any CPU
		{5BCE3D31-D2A2-4069-89B8-59B8D83F364D}.Release|Any CPU.Build.0 = Release|Any CPU
	EndGlobalSection
	GlobalSection(SolutionProperties) = preSolution
		HideSolutionNode = FALSE
	EndGlobalSection
	GlobalSection(ExtensibilityGlobals) = postSolution
		SolutionGuid = {21CF5F6C-5A09-4C79-B0EA-1E7CCD0E2D00}
	EndGlobalSection
EndGlobal
